// !$*UTF8*$!
{
	archiveVersion = 1;
	classes = {
	};
	objectVersion = 46;
	objects = {

/* Begin PBXBuildFile section */
		07E370821C34B6320098273B /* AppDelegate.swift in Sources */ = {isa = PBXBuildFile; fileRef = 07E370811C34B6320098273B /* AppDelegate.swift */; };
		07E370841C34B6320098273B /* ViewController.swift in Sources */ = {isa = PBXBuildFile; fileRef = 07E370831C34B6320098273B /* ViewController.swift */; };
		07E370871C34B6320098273B /* Main.storyboard in Resources */ = {isa = PBXBuildFile; fileRef = 07E370851C34B6320098273B /* Main.storyboard */; };
		07E370891C34B6320098273B /* Assets.xcassets in Resources */ = {isa = PBXBuildFile; fileRef = 07E370881C34B6320098273B /* Assets.xcassets */; };
		07E3708C1C34B6320098273B /* LaunchScreen.storyboard in Resources */ = {isa = PBXBuildFile; fileRef = 07E3708A1C34B6320098273B /* LaunchScreen.storyboard */; };
/* End PBXBuildFile section */

/* Begin PBXFileReference section */
		07E3707E1C34B6320098273B /* Testimonials.app */ = {isa = PBXFileReference; explicitFileType = wrapper.application; includeInIndex = 0; path = Testimonials.app; sourceTree = BUILT_PRODUCTS_DIR; };
		07E370811C34B6320098273B /* AppDelegate.swift */ = {isa = PBXFileReference; lastKnownFileType = sourcecode.swift; path = AppDelegate.swift; sourceTree = "<group>"; };
		07E370831C34B6320098273B /* ViewController.swift */ = {isa = PBXFileReference; lastKnownFileType = sourcecode.swift; path = ViewController.swift; sourceTree = "<group>"; };
		07E370861C34B6320098273B /* Base */ = {isa = PBXFileReference; lastKnownFileType = file.storyboard; name = Base; path = Base.lproj/Main.storyboard; sourceTree = "<group>"; };
		07E370881C34B6320098273B /* Assets.xcassets */ = {isa = PBXFileReference; lastKnownFileType = folder.assetcatalog; path = Assets.xcassets; sourceTree = "<group>"; };
		07E3708B1C34B6320098273B /* Base */ = {isa = PBXFileReference; lastKnownFileType = file.storyboard; name = Base; path = Base.lproj/LaunchScreen.storyboard; sourceTree = "<group>"; };
		07E3708D1C34B6320098273B /* Info.plist */ = {isa = PBXFileReference; lastKnownFileType = text.plist.xml; path = Info.plist; sourceTree = "<group>"; };
/* End PBXFileReference section */

/* Begin PBXFrameworksBuildPhase section */
		07E3707B1C34B6320098273B /* Frameworks */ = {
			isa = PBXFrameworksBuildPhase;
			buildActionMask = 2147483647;
			files = (
			);
			runOnlyForDeploymentPostprocessing = 0;
		};
/* End PBXFrameworksBuildPhase section */

/* Begin PBXGroup section */
		07E370751C34B6320098273B = {
			isa = PBXGroup;
			children = (
				07E370801C34B6320098273B /* Testimonials */,
				07E3707F1C34B6320098273B /* Products */,
			);
			sourceTree = "<group>";
		};
		07E3707F1C34B6320098273B /* Products */ = {
			isa = PBXGroup;
			children = (
				07E3707E1C34B6320098273B /* Testimonials.app */,
			);
			name = Products;
			sourceTree = "<group>";
		};
		07E370801C34B6320098273B /* Testimonials */ = {
			isa = PBXGroup;
			children = (
				07E370811C34B6320098273B /* AppDelegate.swift */,
				07E370831C34B6320098273B /* ViewController.swift */,
				07E370851C34B6320098273B /* Main.storyboard */,
				07E370881C34B6320098273B /* Assets.xcassets */,
				07E3708A1C34B6320098273B /* LaunchScreen.storyboard */,
				07E3708D1C34B6320098273B /* Info.plist */,
			);
			path = Testimonials;
			sourceTree = "<group>";
		};
/* End PBXGroup section */

/* Begin PBXNativeTarget section */
		07E3707D1C34B6320098273B /* Testimonials */ = {
			isa = PBXNativeTarget;
			buildConfigurationList = 07E370901C34B6320098273B /* Build configuration list for PBXNativeTarget "Testimonials" */;
			buildPhases = (
				07E3707A1C34B6320098273B /* Sources */,
				07E3707B1C34B6320098273B /* Frameworks */,
				07E3707C1C34B6320098273B /* Resources */,
			);
			buildRules = (
			);
			dependencies = (
			);
			name = Testimonials;
			productName = Testimonials;
			productReference = 07E3707E1C34B6320098273B /* Testimonials.app */;
			productType = "com.apple.product-type.application";
		};
/* End PBXNativeTarget section */

/* Begin PBXProject section */
		07E370761C34B6320098273B /* Project object */ = {
			isa = PBXProject;
			attributes = {
				LastSwiftUpdateCheck = 0710;
				LastUpgradeCheck = 0710;
				ORGANIZATIONNAME = "Intrepid Pursuits";
				TargetAttributes = {
					07E3707D1C34B6320098273B = {
						CreatedOnToolsVersion = 7.1.1;
					};
				};
			};
			buildConfigurationList = 07E370791C34B6320098273B /* Build configuration list for PBXProject "Testimonials" */;
			compatibilityVersion = "Xcode 3.2";
			developmentRegion = English;
			hasScannedForEncodings = 0;
			knownRegions = (
				en,
				Base,
			);
			mainGroup = 07E370751C34B6320098273B;
			productRefGroup = 07E3707F1C34B6320098273B /* Products */;
			projectDirPath = "";
			projectRoot = "";
			targets = (
				07E3707D1C34B6320098273B /* Testimonials */,
			);
		};
/* End PBXProject section */

/* Begin PBXResourcesBuildPhase section */
		07E3707C1C34B6320098273B /* Resources */ = {
			isa = PBXResourcesBuildPhase;
			buildActionMask = 2147483647;
			files = (
				07E3708C1C34B6320098273B /* LaunchScreen.storyboard in Resources */,
				07E370891C34B6320098273B /* Assets.xcassets in Resources */,
				07E370871C34B6320098273B /* Main.storyboard in Resources */,
			);
			runOnlyForDeploymentPostprocessing = 0;
		};
/* End PBXResourcesBuildPhase section */

/* Begin PBXSourcesBuildPhase section */
		07E3707A1C34B6320098273B /* Sources */ = {
			isa = PBXSourcesBuildPhase;
			buildActionMask = 2147483647;
			files = (
				07E370841C34B6320098273B /* ViewController.swift in Sources */,
				07E370821C34B6320098273B /* AppDelegate.swift in Sources */,
			);
			runOnlyForDeploymentPostprocessing = 0;
		};
/* End PBXSourcesBuildPhase section */

/* Begin PBXVariantGroup section */
		07E370851C34B6320098273B /* Main.storyboard */ = {
			isa = PBXVariantGroup;
			children = (
				07E370861C34B6320098273B /* Base */,
			);
			name = Main.storyboard;
			sourceTree = "<group>";
		};
		07E3708A1C34B6320098273B /* LaunchScreen.storyboard */ = {
			isa = PBXVariantGroup;
			children = (
				07E3708B1C34B6320098273B /* Base */,
			);
			name = LaunchScreen.storyboard;
			sourceTree = "<group>";
		};
/* End PBXVariantGroup section */

/* Begin XCBuildConfiguration section */
		07E3708E1C34B6320098273B /* Debug */ = {
			isa = XCBuildConfiguration;
			buildSettings = {
				ALWAYS_SEARCH_USER_PATHS = NO;
				CLANG_CXX_LANGUAGE_STANDARD = "gnu++0x";
				CLANG_CXX_LIBRARY = "libc++";
				CLANG_ENABLE_MODULES = YES;
				CLANG_ENABLE_OBJC_ARC = YES;
				CLANG_WARN_BOOL_CONVERSION = YES;
				CLANG_WARN_CONSTANT_CONVERSION = YES;
				CLANG_WARN_DIRECT_OBJC_ISA_USAGE = YES_ERROR;
				CLANG_WARN_EMPTY_BODY = YES;
				CLANG_WARN_ENUM_CONVERSION = YES;
				CLANG_WARN_INT_CONVERSION = YES;
				CLANG_WARN_OBJC_ROOT_CLASS = YES_ERROR;
				CLANG_WARN_UNREACHABLE_CODE = YES;
				CLANG_WARN__DUPLICATE_METHOD_MATCH = YES;
				"CODE_SIGN_IDENTITY[sdk=iphoneos*]" = "iPhone Developer";
				COPY_PHASE_STRIP = NO;
				DEBUG_INFORMATION_FORMAT = dwarf;
				ENABLE_STRICT_OBJC_MSGSEND = YES;
				ENABLE_TESTABILITY = YES;
				GCC_C_LANGUAGE_STANDARD = gnu99;
				GCC_DYNAMIC_NO_PIC = NO;
				GCC_NO_COMMON_BLOCKS = YES;
				GCC_OPTIMIZATION_LEVEL = 0;
				GCC_PREPROCESSOR_DEFINITIONS = (
					"DEBUG=1",
					"$(inherited)",
				);
				GCC_WARN_64_TO_32_BIT_CONVERSION = YES;
				GCC_WARN_ABOUT_RETURN_TYPE = YES_ERROR;
				GCC_WARN_UNDECLARED_SELECTOR = YES;
				GCC_WARN_UNINITIALIZED_AUTOS = YES_AGGRESSIVE;
				GCC_WARN_UNUSED_FUNCTION = YES;
				GCC_WARN_UNUSED_VARIABLE = YES;
				IPHONEOS_DEPLOYMENT_TARGET = 9.1;
				MTL_ENABLE_DEBUG_INFO = YES;
				ONLY_ACTIVE_ARCH = YES;
				SDKROOT = iphoneos;
				SWIFT_OPTIMIZATION_LEVEL = "-Onone";
				TARGETED_DEVICE_FAMILY = "1,2";
			};
			name = Debug;
		};
		07E3708F1C34B6320098273B /* Release */ = {
			isa = XCBuildConfiguration;
			buildSettings = {
				ALWAYS_SEARCH_USER_PATHS = NO;
				CLANG_CXX_LANGUAGE_STANDARD = "gnu++0x";
				CLANG_CXX_LIBRARY = "libc++";
				CLANG_ENABLE_MODULES = YES;
				CLANG_ENABLE_OBJC_ARC = YES;
				CLANG_WARN_BOOL_CONVERSION = YES;
				CLANG_WARN_CONSTANT_CONVERSION = YES;
				CLANG_WARN_DIRECT_OBJC_ISA_USAGE = YES_ERROR;
				CLANG_WARN_EMPTY_BODY = YES;
				CLANG_WARN_ENUM_CONVERSION = YES;
				CLANG_WARN_INT_CONVERSION = YES;
				CLANG_WARN_OBJC_ROOT_CLASS = YES_ERROR;
				CLANG_WARN_UNREACHABLE_CODE = YES;
				CLANG_WARN__DUPLICATE_METHOD_MATCH = YES;
				"CODE_SIGN_IDENTITY[sdk=iphoneos*]" = "iPhone Developer";
				COPY_PHASE_STRIP = NO;
				DEBUG_INFORMATION_FORMAT = "dwarf-with-dsym";
				ENABLE_NS_ASSERTIONS = NO;
				ENABLE_STRICT_OBJC_MSGSEND = YES;
				GCC_C_LANGUAGE_STANDARD = gnu99;
				GCC_NO_COMMON_BLOCKS = YES;
				GCC_WARN_64_TO_32_BIT_CONVERSION = YES;
				GCC_WARN_ABOUT_RETURN_TYPE = YES_ERROR;
				GCC_WARN_UNDECLARED_SELECTOR = YES;
				GCC_WARN_UNINITIALIZED_AUTOS = YES_AGGRESSIVE;
				GCC_WARN_UNUSED_FUNCTION = YES;
				GCC_WARN_UNUSED_VARIABLE = YES;
				IPHONEOS_DEPLOYMENT_TARGET = 9.1;
				MTL_ENABLE_DEBUG_INFO = NO;
				SDKROOT = iphoneos;
				TARGETED_DEVICE_FAMILY = "1,2";
				VALIDATE_PRODUCT = YES;
			};
			name = Release;
		};
		07E370911C34B6320098273B /* Debug */ = {
			isa = XCBuildConfiguration;
			buildSettings = {
				ASSETCATALOG_COMPILER_APPICON_NAME = AppIcon;
				INFOPLIST_FILE = Testimonials/Info.plist;
				LD_RUNPATH_SEARCH_PATHS = "$(inherited) @executable_path/Frameworks";
				PRODUCT_BUNDLE_IDENTIFIER = io.intrepid.Testimonials;
				PRODUCT_NAME = "$(TARGET_NAME)";
			};
			name = Debug;
		};
		07E370921C34B6320098273B /* Release */ = {
			isa = XCBuildConfiguration;
			buildSettings = {
				ASSETCATALOG_COMPILER_APPICON_NAME = AppIcon;
				INFOPLIST_FILE = Testimonials/Info.plist;
				LD_RUNPATH_SEARCH_PATHS = "$(inherited) @executable_path/Frameworks";
				PRODUCT_BUNDLE_IDENTIFIER = io.intrepid.Testimonials;
				PRODUCT_NAME = "$(TARGET_NAME)";
			};
			name = Release;
		};
/* End XCBuildConfiguration section */

/* Begin XCConfigurationList section */
		07E370791C34B6320098273B /* Build configuration list for PBXProject "Testimonials" */ = {
			isa = XCConfigurationList;
			buildConfigurations = (
				07E3708E1C34B6320098273B /* Debug */,
				07E3708F1C34B6320098273B /* Release */,
			);
			defaultConfigurationIsVisible = 0;
			defaultConfigurationName = Release;
		};
		07E370901C34B6320098273B /* Build configuration list for PBXNativeTarget "Testimonials" */ = {
			isa = XCConfigurationList;
			buildConfigurations = (
				07E370911C34B6320098273B /* Debug */,
				07E370921C34B6320098273B /* Release */,
			);
			defaultConfigurationIsVisible = 0;
		};
/* End XCConfigurationList section */
	};
	rootObject = 07E370761C34B6320098273B /* Project object */;
}
